
Microsoft Visual Studio Solution File, Format Version 12.00
# Visual Studio Version 17
VisualStudioVersion = 17.3.32811.315
MinimumVisualStudioVersion = 10.0.40219.1
Project("{FAE04EC0-301F-11D3-BF4B-00C04F79EFBC}") = "David", "David\David.csproj", "{CA7FE55F-4201-4C2A-BDED-D10C5FEE413A}"
EndProject
Global
	GlobalSection(SolutionConfigurationPlatforms) = preSolution
		Debug|Any CPU = Debug|Any CPU
		Release|Any CPU = Release|Any CPU
	EndGlobalSection
	GlobalSection(ProjectConfigurationPlatforms) = postSolution
		{CA7FE55F-4201-4C2A-BDED-D10C5FEE413A}.Debug|Any CPU.ActiveCfg = Debug|Any CPU
		{CA7FE55F-4201-4C2A-BDED-D10C5FEE413A}.Debug|Any CPU.Build.0 = Debug|Any CPU
		{CA7FE55F-4201-4C2A-BDED-D10C5FEE413A}.Release|Any CPU.ActiveCfg = Release|Any CPU
		{CA7FE55F-4201-4C2A-BDED-D10C5FEE413A}.Release|Any CPU.Build.0 = Release|Any CPU
	EndGlobalSection
	GlobalSection(SolutionProperties) = preSolution
		HideSolutionNode = FALSE
	EndGlobalSection
	GlobalSection(ExtensibilityGlobals) = postSolution
		SolutionGuid = {8329202E-D8A3-4B8E-9016-C8E549ACB4BE}
	EndGlobalSection
EndGlobal
